
Microsoft Visual Studio Solution File, Format Version 12.00
# Visual Studio Version 17
VisualStudioVersion = 17.2.32630.192
MinimumVisualStudioVersion = 10.0.40219.1
Project("{FAE04EC0-301F-11D3-BF4B-00C04F79EFBC}") = "AutenticaoApiKey.Api", "AutenticaoApiKey.Api\AutenticaoApiKey.Api.csproj", "{29F1F61B-F2D9-4A67-8450-7D0BFC616869}"
EndProject
Global
	GlobalSection(SolutionConfigurationPlatforms) = preSolution
		Debug|Any CPU = Debug|Any CPU
		Release|Any CPU = Release|Any CPU
	EndGlobalSection
	GlobalSection(ProjectConfigurationPlatforms) = postSolution
		{29F1F61B-F2D9-4A67-8450-7D0BFC616869}.Debug|Any CPU.ActiveCfg = Debug|Any CPU
		{29F1F61B-F2D9-4A67-8450-7D0BFC616869}.Debug|Any CPU.Build.0 = Debug|Any CPU
		{29F1F61B-F2D9-4A67-8450-7D0BFC616869}.Release|Any CPU.ActiveCfg = Release|Any CPU
		{29F1F61B-F2D9-4A67-8450-7D0BFC616869}.Release|Any CPU.Build.0 = Release|Any CPU
	EndGlobalSection
	GlobalSection(SolutionProperties) = preSolution
		HideSolutionNode = FALSE
	EndGlobalSection
	GlobalSection(ExtensibilityGlobals) = postSolution
		SolutionGuid = {A25C9862-F27A-4918-93F9-C45E1E1D8BA4}
	EndGlobalSection
EndGlobal
