
Microsoft Visual Studio Solution File, Format Version 12.00
Project("{FAE04EC0-301F-11D3-BF4B-00C04F79EFBC}") = "Audaces.Examplo1", "Audaces.Examplo1\Audaces.Examplo1.csproj", "{53227B2E-DB18-4E7B-8BC4-7E0C0AFAF73D}"
EndProject
Global
	GlobalSection(SolutionConfigurationPlatforms) = preSolution
		Debug|Any CPU = Debug|Any CPU
		Release|Any CPU = Release|Any CPU
	EndGlobalSection
	GlobalSection(ProjectConfigurationPlatforms) = postSolution
		{53227B2E-DB18-4E7B-8BC4-7E0C0AFAF73D}.Debug|Any CPU.ActiveCfg = Debug|Any CPU
		{53227B2E-DB18-4E7B-8BC4-7E0C0AFAF73D}.Debug|Any CPU.Build.0 = Debug|Any CPU
		{53227B2E-DB18-4E7B-8BC4-7E0C0AFAF73D}.Release|Any CPU.ActiveCfg = Release|Any CPU
		{53227B2E-DB18-4E7B-8BC4-7E0C0AFAF73D}.Release|Any CPU.Build.0 = Release|Any CPU
	EndGlobalSection
EndGlobal
